// !$*UTF8*$!
{
	archiveVersion = 1;
	classes = {
	};
	objectVersion = 56;
	objects = {

/* Begin PBXBuildFile section */
		0441B79929FA714F0074FE07 /* AppDelegate.swift in Sources */ = {isa = PBXBuildFile; fileRef = 0441B79829FA714F0074FE07 /* AppDelegate.swift */; };
		0441B79B29FA714F0074FE07 /* SceneDelegate.swift in Sources */ = {isa = PBXBuildFile; fileRef = 0441B79A29FA714F0074FE07 /* SceneDelegate.swift */; };
		0441B79D29FA714F0074FE07 /* DataShowViewController.swift in Sources */ = {isa = PBXBuildFile; fileRef = 0441B79C29FA714F0074FE07 /* DataShowViewController.swift */; };
		0441B7A029FA714F0074FE07 /* Main.storyboard in Resources */ = {isa = PBXBuildFile; fileRef = 0441B79E29FA714F0074FE07 /* Main.storyboard */; };
		0441B7A229FA71510074FE07 /* Assets.xcassets in Resources */ = {isa = PBXBuildFile; fileRef = 0441B7A129FA71510074FE07 /* Assets.xcassets */; };
		0441B7A529FA71510074FE07 /* LaunchScreen.storyboard in Resources */ = {isa = PBXBuildFile; fileRef = 0441B7A329FA71510074FE07 /* LaunchScreen.storyboard */; };
		0441B7AD29FA717C0074FE07 /* DataAddViewController.swift in Sources */ = {isa = PBXBuildFile; fileRef = 0441B7AC29FA717C0074FE07 /* DataAddViewController.swift */; };
		0441B7B229FA754F0074FE07 /* BackDataPassing.swift in Sources */ = {isa = PBXBuildFile; fileRef = 0441B7B129FA754F0074FE07 /* BackDataPassing.swift */; };
		0441B7B429FA755F0074FE07 /* Student.swift in Sources */ = {isa = PBXBuildFile; fileRef = 0441B7B329FA755F0074FE07 /* Student.swift */; };
/* End PBXBuildFile section */

/* Begin PBXFileReference section */
		0441B79529FA714F0074FE07 /* BackDataPassingByObject27April.app */ = {isa = PBXFileReference; explicitFileType = wrapper.application; includeInIndex = 0; path = BackDataPassingByObject27April.app; sourceTree = BUILT_PRODUCTS_DIR; };
		0441B79829FA714F0074FE07 /* AppDelegate.swift */ = {isa = PBXFileReference; lastKnownFileType = sourcecode.swift; path = AppDelegate.swift; sourceTree = "<group>"; };
		0441B79A29FA714F0074FE07 /* SceneDelegate.swift */ = {isa = PBXFileReference; lastKnownFileType = sourcecode.swift; path = SceneDelegate.swift; sourceTree = "<group>"; };
		0441B79C29FA714F0074FE07 /* DataShowViewController.swift */ = {isa = PBXFileReference; lastKnownFileType = sourcecode.swift; path = DataShowViewController.swift; sourceTree = "<group>"; };
		0441B79F29FA714F0074FE07 /* Base */ = {isa = PBXFileReference; lastKnownFileType = file.storyboard; name = Base; path = Base.lproj/Main.storyboard; sourceTree = "<group>"; };
		0441B7A129FA71510074FE07 /* Assets.xcassets */ = {isa = PBXFileReference; lastKnownFileType = folder.assetcatalog; path = Assets.xcassets; sourceTree = "<group>"; };
		0441B7A429FA71510074FE07 /* Base */ = {isa = PBXFileReference; lastKnownFileType = file.storyboard; name = Base; path = Base.lproj/LaunchScreen.storyboard; sourceTree = "<group>"; };
		0441B7A629FA71510074FE07 /* Info.plist */ = {isa = PBXFileReference; lastKnownFileType = text.plist.xml; path = Info.plist; sourceTree = "<group>"; };
		0441B7AC29FA717C0074FE07 /* DataAddViewController.swift */ = {isa = PBXFileReference; lastKnownFileType = sourcecode.swift; path = DataAddViewController.swift; sourceTree = "<group>"; };
		0441B7B129FA754F0074FE07 /* BackDataPassing.swift */ = {isa = PBXFileReference; lastKnownFileType = sourcecode.swift; path = BackDataPassing.swift; sourceTree = "<group>"; };
		0441B7B329FA755F0074FE07 /* Student.swift */ = {isa = PBXFileReference; lastKnownFileType = sourcecode.swift; path = Student.swift; sourceTree = "<group>"; };
/* End PBXFileReference section */

/* Begin PBXFrameworksBuildPhase section */
		0441B79229FA714F0074FE07 /* Frameworks */ = {
			isa = PBXFrameworksBuildPhase;
			buildActionMask = 2147483647;
			files = (
			);
			runOnlyForDeploymentPostprocessing = 0;
		};
/* End PBXFrameworksBuildPhase section */

/* Begin PBXGroup section */
		0441B78C29FA714F0074FE07 = {
			isa = PBXGroup;
			children = (
				0441B7B029FA752E0074FE07 /* Protocols */,
				0441B7AF29FA751B0074FE07 /* modelFile */,
				0441B7AE29FA74F80074FE07 /* ViewControllers */,
				0441B79729FA714F0074FE07 /* BackDataPassingByObject27April */,
				0441B79629FA714F0074FE07 /* Products */,
			);
			sourceTree = "<group>";
		};
		0441B79629FA714F0074FE07 /* Products */ = {
			isa = PBXGroup;
			children = (
				0441B79529FA714F0074FE07 /* BackDataPassingByObject27April.app */,
			);
			name = Products;
			sourceTree = "<group>";
		};
		0441B79729FA714F0074FE07 /* BackDataPassingByObject27April */ = {
			isa = PBXGroup;
			children = (
				0441B79829FA714F0074FE07 /* AppDelegate.swift */,
				0441B79A29FA714F0074FE07 /* SceneDelegate.swift */,
				0441B79E29FA714F0074FE07 /* Main.storyboard */,
				0441B7A129FA71510074FE07 /* Assets.xcassets */,
				0441B7A329FA71510074FE07 /* LaunchScreen.storyboard */,
				0441B7A629FA71510074FE07 /* Info.plist */,
			);
			path = BackDataPassingByObject27April;
			sourceTree = "<group>";
		};
		0441B7AE29FA74F80074FE07 /* ViewControllers */ = {
			isa = PBXGroup;
			children = (
				0441B7AC29FA717C0074FE07 /* DataAddViewController.swift */,
				0441B79C29FA714F0074FE07 /* DataShowViewController.swift */,
			);
			path = ViewControllers;
			sourceTree = "<group>";
		};
		0441B7AF29FA751B0074FE07 /* modelFile */ = {
			isa = PBXGroup;
			children = (
				0441B7B329FA755F0074FE07 /* Student.swift */,
			);
			path = modelFile;
			sourceTree = "<group>";
		};
		0441B7B029FA752E0074FE07 /* Protocols */ = {
			isa = PBXGroup;
			children = (
				0441B7B129FA754F0074FE07 /* BackDataPassing.swift */,
			);
			path = Protocols;
			sourceTree = "<group>";
		};
/* End PBXGroup section */

/* Begin PBXNativeTarget section */
		0441B79429FA714F0074FE07 /* BackDataPassingByObject27April */ = {
			isa = PBXNativeTarget;
			buildConfigurationList = 0441B7A929FA71510074FE07 /* Build configuration list for PBXNativeTarget "BackDataPassingByObject27April" */;
			buildPhases = (
				0441B79129FA714F0074FE07 /* Sources */,
				0441B79229FA714F0074FE07 /* Frameworks */,
				0441B79329FA714F0074FE07 /* Resources */,
			);
			buildRules = (
			);
			dependencies = (
			);
			name = BackDataPassingByObject27April;
			productName = BackDataPassingByObject27April;
			productReference = 0441B79529FA714F0074FE07 /* BackDataPassingByObject27April.app */;
			productType = "com.apple.product-type.application";
		};
/* End PBXNativeTarget section */

/* Begin PBXProject section */
		0441B78D29FA714F0074FE07 /* Project object */ = {
			isa = PBXProject;
			attributes = {
				BuildIndependentTargetsInParallel = 1;
				LastSwiftUpdateCheck = 1410;
				LastUpgradeCheck = 1410;
				TargetAttributes = {
					0441B79429FA714F0074FE07 = {
						CreatedOnToolsVersion = 14.1;
					};
				};
			};
			buildConfigurationList = 0441B79029FA714F0074FE07 /* Build configuration list for PBXProject "BackDataPassingByObject27April" */;
			compatibilityVersion = "Xcode 14.0";
			developmentRegion = en;
			hasScannedForEncodings = 0;
			knownRegions = (
				en,
				Base,
			);
			mainGroup = 0441B78C29FA714F0074FE07;
			productRefGroup = 0441B79629FA714F0074FE07 /* Products */;
			projectDirPath = "";
			projectRoot = "";
			targets = (
				0441B79429FA714F0074FE07 /* BackDataPassingByObject27April */,
			);
		};
/* End PBXProject section */

/* Begin PBXResourcesBuildPhase section */
		0441B79329FA714F0074FE07 /* Resources */ = {
			isa = PBXResourcesBuildPhase;
			buildActionMask = 2147483647;
			files = (
				0441B7A529FA71510074FE07 /* LaunchScreen.storyboard in Resources */,
				0441B7A229FA71510074FE07 /* Assets.xcassets in Resources */,
				0441B7A029FA714F0074FE07 /* Main.storyboard in Resources */,
			);
			runOnlyForDeploymentPostprocessing = 0;
		};
/* End PBXResourcesBuildPhase section */

/* Begin PBXSourcesBuildPhase section */
		0441B79129FA714F0074FE07 /* Sources */ = {
			isa = PBXSourcesBuildPhase;
			buildActionMask = 2147483647;
			files = (
				0441B7AD29FA717C0074FE07 /* DataAddViewController.swift in Sources */,
				0441B7B429FA755F0074FE07 /* Student.swift in Sources */,
				0441B7B229FA754F0074FE07 /* BackDataPassing.swift in Sources */,
				0441B79D29FA714F0074FE07 /* DataShowViewController.swift in Sources */,
				0441B79929FA714F0074FE07 /* AppDelegate.swift in Sources */,
				0441B79B29FA714F0074FE07 /* SceneDelegate.swift in Sources */,
			);
			runOnlyForDeploymentPostprocessing = 0;
		};
/* End PBXSourcesBuildPhase section */

/* Begin PBXVariantGroup section */
		0441B79E29FA714F0074FE07 /* Main.storyboard */ = {
			isa = PBXVariantGroup;
			children = (
				0441B79F29FA714F0074FE07 /* Base */,
			);
			name = Main.storyboard;
			sourceTree = "<group>";
		};
		0441B7A329FA71510074FE07 /* LaunchScreen.storyboard */ = {
			isa = PBXVariantGroup;
			children = (
				0441B7A429FA71510074FE07 /* Base */,
			);
			name = LaunchScreen.storyboard;
			sourceTree = "<group>";
		};
/* End PBXVariantGroup section */

/* Begin XCBuildConfiguration section */
		0441B7A729FA71510074FE07 /* Debug */ = {
			isa = XCBuildConfiguration;
			buildSettings = {
				ALWAYS_SEARCH_USER_PATHS = NO;
				CLANG_ANALYZER_NONNULL = YES;
				CLANG_ANALYZER_NUMBER_OBJECT_CONVERSION = YES_AGGRESSIVE;
				CLANG_CXX_LANGUAGE_STANDARD = "gnu++20";
				CLANG_ENABLE_MODULES = YES;
				CLANG_ENABLE_OBJC_ARC = YES;
				CLANG_ENABLE_OBJC_WEAK = YES;
				CLANG_WARN_BLOCK_CAPTURE_AUTORELEASING = YES;
				CLANG_WARN_BOOL_CONVERSION = YES;
				CLANG_WARN_COMMA = YES;
				CLANG_WARN_CONSTANT_CONVERSION = YES;
				CLANG_WARN_DEPRECATED_OBJC_IMPLEMENTATIONS = YES;
				CLANG_WARN_DIRECT_OBJC_ISA_USAGE = YES_ERROR;
				CLANG_WARN_DOCUMENTATION_COMMENTS = YES;
				CLANG_WARN_EMPTY_BODY = YES;
				CLANG_WARN_ENUM_CONVERSION = YES;
				CLANG_WARN_INFINITE_RECURSION = YES;
				CLANG_WARN_INT_CONVERSION = YES;
				CLANG_WARN_NON_LITERAL_NULL_CONVERSION = YES;
				CLANG_WARN_OBJC_IMPLICIT_RETAIN_SELF = YES;
				CLANG_WARN_OBJC_LITERAL_CONVERSION = YES;
				CLANG_WARN_OBJC_ROOT_CLASS = YES_ERROR;
				CLANG_WARN_QUOTED_INCLUDE_IN_FRAMEWORK_HEADER = YES;
				CLANG_WARN_RANGE_LOOP_ANALYSIS = YES;
				CLANG_WARN_STRICT_PROTOTYPES = YES;
				CLANG_WARN_SUSPICIOUS_MOVE = YES;
				CLANG_WARN_UNGUARDED_AVAILABILITY = YES_AGGRESSIVE;
				CLANG_WARN_UNREACHABLE_CODE = YES;
				CLANG_WARN__DUPLICATE_METHOD_MATCH = YES;
				COPY_PHASE_STRIP = NO;
				DEBUG_INFORMATION_FORMAT = dwarf;
				ENABLE_STRICT_OBJC_MSGSEND = YES;
				ENABLE_TESTABILITY = YES;
				GCC_C_LANGUAGE_STANDARD = gnu11;
				GCC_DYNAMIC_NO_PIC = NO;
				GCC_NO_COMMON_BLOCKS = YES;
				GCC_OPTIMIZATION_LEVEL = 0;
				GCC_PREPROCESSOR_DEFINITIONS = (
					"DEBUG=1",
					"$(inherited)",
				);
				GCC_WARN_64_TO_32_BIT_CONVERSION = YES;
				GCC_WARN_ABOUT_RETURN_TYPE = YES_ERROR;
				GCC_WARN_UNDECLARED_SELECTOR = YES;
				GCC_WARN_UNINITIALIZED_AUTOS = YES_AGGRESSIVE;
				GCC_WARN_UNUSED_FUNCTION = YES;
				GCC_WARN_UNUSED_VARIABLE = YES;
				IPHONEOS_DEPLOYMENT_TARGET = 16.1;
				MTL_ENABLE_DEBUG_INFO = INCLUDE_SOURCE;
				MTL_FAST_MATH = YES;
				ONLY_ACTIVE_ARCH = YES;
				SDKROOT = iphoneos;
				SWIFT_ACTIVE_COMPILATION_CONDITIONS = DEBUG;
				SWIFT_OPTIMIZATION_LEVEL = "-Onone";
			};
			name = Debug;
		};
		0441B7A829FA71510074FE07 /* Release */ = {
			isa = XCBuildConfiguration;
			buildSettings = {
				ALWAYS_SEARCH_USER_PATHS = NO;
				CLANG_ANALYZER_NONNULL = YES;
				CLANG_ANALYZER_NUMBER_OBJECT_CONVERSION = YES_AGGRESSIVE;
				CLANG_CXX_LANGUAGE_STANDARD = "gnu++20";
				CLANG_ENABLE_MODULES = YES;
				CLANG_ENABLE_OBJC_ARC = YES;
				CLANG_ENABLE_OBJC_WEAK = YES;
				CLANG_WARN_BLOCK_CAPTURE_AUTORELEASING = YES;
				CLANG_WARN_BOOL_CONVERSION = YES;
				CLANG_WARN_COMMA = YES;
				CLANG_WARN_CONSTANT_CONVERSION = YES;
				CLANG_WARN_DEPRECATED_OBJC_IMPLEMENTATIONS = YES;
				CLANG_WARN_DIRECT_OBJC_ISA_USAGE = YES_ERROR;
				CLANG_WARN_DOCUMENTATION_COMMENTS = YES;
				CLANG_WARN_EMPTY_BODY = YES;
				CLANG_WARN_ENUM_CONVERSION = YES;
				CLANG_WARN_INFINITE_RECURSION = YES;
				CLANG_WARN_INT_CONVERSION = YES;
				CLANG_WARN_NON_LITERAL_NULL_CONVERSION = YES;
				CLANG_WARN_OBJC_IMPLICIT_RETAIN_SELF = YES;
				CLANG_WARN_OBJC_LITERAL_CONVERSION = YES;
				CLANG_WARN_OBJC_ROOT_CLASS = YES_ERROR;
				CLANG_WARN_QUOTED_INCLUDE_IN_FRAMEWORK_HEADER = YES;
				CLANG_WARN_RANGE_LOOP_ANALYSIS = YES;
				CLANG_WARN_STRICT_PROTOTYPES = YES;
				CLANG_WARN_SUSPICIOUS_MOVE = YES;
				CLANG_WARN_UNGUARDED_AVAILABILITY = YES_AGGRESSIVE;
				CLANG_WARN_UNREACHABLE_CODE = YES;
				CLANG_WARN__DUPLICATE_METHOD_MATCH = YES;
				COPY_PHASE_STRIP = NO;
				DEBUG_INFORMATION_FORMAT = "dwarf-with-dsym";
				ENABLE_NS_ASSERTIONS = NO;
				ENABLE_STRICT_OBJC_MSGSEND = YES;
				GCC_C_LANGUAGE_STANDARD = gnu11;
				GCC_NO_COMMON_BLOCKS = YES;
				GCC_WARN_64_TO_32_BIT_CONVERSION = YES;
				GCC_WARN_ABOUT_RETURN_TYPE = YES_ERROR;
				GCC_WARN_UNDECLARED_SELECTOR = YES;
				GCC_WARN_UNINITIALIZED_AUTOS = YES_AGGRESSIVE;
				GCC_WARN_UNUSED_FUNCTION = YES;
				GCC_WARN_UNUSED_VARIABLE = YES;
				IPHONEOS_DEPLOYMENT_TARGET = 16.1;
				MTL_ENABLE_DEBUG_INFO = NO;
				MTL_FAST_MATH = YES;
				SDKROOT = iphoneos;
				SWIFT_COMPILATION_MODE = wholemodule;
				SWIFT_OPTIMIZATION_LEVEL = "-O";
				VALIDATE_PRODUCT = YES;
			};
			name = Release;
		};
		0441B7AA29FA71510074FE07 /* Debug */ = {
			isa = XCBuildConfiguration;
			buildSettings = {
				ASSETCATALOG_COMPILER_APPICON_NAME = AppIcon;
				ASSETCATALOG_COMPILER_GLOBAL_ACCENT_COLOR_NAME = AccentColor;
				CODE_SIGN_STYLE = Automatic;
				CURRENT_PROJECT_VERSION = 1;
				DEVELOPMENT_TEAM = FRR57W434Y;
				GENERATE_INFOPLIST_FILE = YES;
				INFOPLIST_FILE = BackDataPassingByObject27April/Info.plist;
				INFOPLIST_KEY_UIApplicationSupportsIndirectInputEvents = YES;
				INFOPLIST_KEY_UILaunchStoryboardName = LaunchScreen;
				INFOPLIST_KEY_UIMainStoryboardFile = Main;
				INFOPLIST_KEY_UISupportedInterfaceOrientations_iPad = "UIInterfaceOrientationPortrait UIInterfaceOrientationPortraitUpsideDown UIInterfaceOrientationLandscapeLeft UIInterfaceOrientationLandscapeRight";
				INFOPLIST_KEY_UISupportedInterfaceOrientations_iPhone = "UIInterfaceOrientationPortrait UIInterfaceOrientationLandscapeLeft UIInterfaceOrientationLandscapeRight";
				LD_RUNPATH_SEARCH_PATHS = (
					"$(inherited)",
					"@executable_path/Frameworks",
				);
				MARKETING_VERSION = 1.0;
				PRODUCT_BUNDLE_IDENTIFIER = com.BackDataPassingByObject27April;
				PRODUCT_NAME = "$(TARGET_NAME)";
				SWIFT_EMIT_LOC_STRINGS = YES;
				SWIFT_VERSION = 5.0;
				TARGETED_DEVICE_FAMILY = "1,2";
			};
			name = Debug;
		};
		0441B7AB29FA71510074FE07 /* Release */ = {
			isa = XCBuildConfiguration;
			buildSettings = {
				ASSETCATALOG_COMPILER_APPICON_NAME = AppIcon;
				ASSETCATALOG_COMPILER_GLOBAL_ACCENT_COLOR_NAME = AccentColor;
				CODE_SIGN_STYLE = Automatic;
				CURRENT_PROJECT_VERSION = 1;
				DEVELOPMENT_TEAM = FRR57W434Y;
				GENERATE_INFOPLIST_FILE = YES;
				INFOPLIST_FILE = BackDataPassingByObject27April/Info.plist;
				INFOPLIST_KEY_UIApplicationSupportsIndirectInputEvents = YES;
				INFOPLIST_KEY_UILaunchStoryboardName = LaunchScreen;
				INFOPLIST_KEY_UIMainStoryboardFile = Main;
				INFOPLIST_KEY_UISupportedInterfaceOrientations_iPad = "UIInterfaceOrientationPortrait UIInterfaceOrientationPortraitUpsideDown UIInterfaceOrientationLandscapeLeft UIInterfaceOrientationLandscapeRight";
				INFOPLIST_KEY_UISupportedInterfaceOrientations_iPhone = "UIInterfaceOrientationPortrait UIInterfaceOrientationLandscapeLeft UIInterfaceOrientationLandscapeRight";
				LD_RUNPATH_SEARCH_PATHS = (
					"$(inherited)",
					"@executable_path/Frameworks",
				);
				MARKETING_VERSION = 1.0;
				PRODUCT_BUNDLE_IDENTIFIER = com.BackDataPassingByObject27April;
				PRODUCT_NAME = "$(TARGET_NAME)";
				SWIFT_EMIT_LOC_STRINGS = YES;
				SWIFT_VERSION = 5.0;
				TARGETED_DEVICE_FAMILY = "1,2";
			};
			name = Release;
		};
/* End XCBuildConfiguration section */

/* Begin XCConfigurationList section */
		0441B79029FA714F0074FE07 /* Build configuration list for PBXProject "BackDataPassingByObject27April" */ = {
			isa = XCConfigurationList;
			buildConfigurations = (
				0441B7A729FA71510074FE07 /* Debug */,
				0441B7A829FA71510074FE07 /* Release */,
			);
			defaultConfigurationIsVisible = 0;
			defaultConfigurationName = Release;
		};
		0441B7A929FA71510074FE07 /* Build configuration list for PBXNativeTarget "BackDataPassingByObject27April" */ = {
			isa = XCConfigurationList;
			buildConfigurations = (
				0441B7AA29FA71510074FE07 /* Debug */,
				0441B7AB29FA71510074FE07 /* Release */,
			);
			defaultConfigurationIsVisible = 0;
			defaultConfigurationName = Release;
		};
/* End XCConfigurationList section */
	};
	rootObject = 0441B78D29FA714F0074FE07 /* Project object */;
}
